
Microsoft Visual Studio Solution File, Format Version 12.00
# Visual Studio Version 16
VisualStudioVersion = 16.0.30114.105
MinimumVisualStudioVersion = 10.0.40219.1
Project("{FAE04EC0-301F-11D3-BF4B-00C04F79EFBC}") = "MeetDay.Aplicacion", "MeetDay.Aplicacion\MeetDay.Aplicacion.csproj", "{951C04DD-AEDB-491A-BB42-90F3BB9FD8E7}"
EndProject
Project("{FAE04EC0-301F-11D3-BF4B-00C04F79EFBC}") = "MeetDay.Dominio", "MeetDay.Dominio\MeetDay.Dominio.csproj", "{FE64B94E-C09A-424F-A209-97E97DDFA8D0}"
EndProject
Project("{FAE04EC0-301F-11D3-BF4B-00C04F79EFBC}") = "MeetDay.Infraestructura.Input.Web.Angular", "MeetDay.Infraestructura.Input.Web.Angular\MeetDay.Infraestructura.Input.Web.Angular.csproj", "{6136DF2A-B2C0-456F-B76E-9CA70C5B4EEC}"
EndProject
Project("{FAE04EC0-301F-11D3-BF4B-00C04F79EFBC}") = "MeetDay.Infraestructura.Output.Data.Postgresql", "MeetDay.Infraestructura.Output.Data.Postgresql\MeetDay.Infraestructura.Output.Data.Postgresql.csproj", "{FFC850FD-0161-47B3-97F2-C2B11CAE7CF4}"
EndProject
Global
	GlobalSection(SolutionConfigurationPlatforms) = preSolution
		Debug|Any CPU = Debug|Any CPU
		Release|Any CPU = Release|Any CPU
	EndGlobalSection
	GlobalSection(SolutionProperties) = preSolution
		HideSolutionNode = FALSE
	EndGlobalSection
	GlobalSection(ProjectConfigurationPlatforms) = postSolution
		{951C04DD-AEDB-491A-BB42-90F3BB9FD8E7}.Debug|Any CPU.ActiveCfg = Debug|Any CPU
		{951C04DD-AEDB-491A-BB42-90F3BB9FD8E7}.Debug|Any CPU.Build.0 = Debug|Any CPU
		{951C04DD-AEDB-491A-BB42-90F3BB9FD8E7}.Release|Any CPU.ActiveCfg = Release|Any CPU
		{951C04DD-AEDB-491A-BB42-90F3BB9FD8E7}.Release|Any CPU.Build.0 = Release|Any CPU
		{FE64B94E-C09A-424F-A209-97E97DDFA8D0}.Debug|Any CPU.ActiveCfg = Debug|Any CPU
		{FE64B94E-C09A-424F-A209-97E97DDFA8D0}.Debug|Any CPU.Build.0 = Debug|Any CPU
		{FE64B94E-C09A-424F-A209-97E97DDFA8D0}.Release|Any CPU.ActiveCfg = Release|Any CPU
		{FE64B94E-C09A-424F-A209-97E97DDFA8D0}.Release|Any CPU.Build.0 = Release|Any CPU
		{6136DF2A-B2C0-456F-B76E-9CA70C5B4EEC}.Debug|Any CPU.ActiveCfg = Debug|Any CPU
		{6136DF2A-B2C0-456F-B76E-9CA70C5B4EEC}.Debug|Any CPU.Build.0 = Debug|Any CPU
		{6136DF2A-B2C0-456F-B76E-9CA70C5B4EEC}.Release|Any CPU.ActiveCfg = Release|Any CPU
		{6136DF2A-B2C0-456F-B76E-9CA70C5B4EEC}.Release|Any CPU.Build.0 = Release|Any CPU
		{FFC850FD-0161-47B3-97F2-C2B11CAE7CF4}.Debug|Any CPU.ActiveCfg = Debug|Any CPU
		{FFC850FD-0161-47B3-97F2-C2B11CAE7CF4}.Debug|Any CPU.Build.0 = Debug|Any CPU
		{FFC850FD-0161-47B3-97F2-C2B11CAE7CF4}.Release|Any CPU.ActiveCfg = Release|Any CPU
		{FFC850FD-0161-47B3-97F2-C2B11CAE7CF4}.Release|Any CPU.Build.0 = Release|Any CPU
	EndGlobalSection
EndGlobal
